
Microsoft Visual Studio Solution File, Format Version 12.00
Project("{FAE04EC0-301F-11D3-BF4B-00C04F79EFBC}") = "InnoTech.Core.Entity", "InnoTech.Core.Entity\InnoTech.Core.Entity.csproj", "{DF9539A8-CDDF-41AD-B1EC-6A93EA102B1B}"
EndProject
Project("{FAE04EC0-301F-11D3-BF4B-00C04F79EFBC}") = "InnoTech.Core.Infratructure.Ports", "InnoTech.Core.Infratructure.Ports\InnoTech.Core.Infratructure.Ports.csproj", "{5C59B345-3615-40CC-BBB4-88E16384E4BC}"
EndProject
Project("{FAE04EC0-301F-11D3-BF4B-00C04F79EFBC}") = "InnoTech.Core.PrimaryDriver.Adapters", "InnoTech.Core.PrimaryDriver.Adapters\InnoTech.Core.PrimaryDriver.Adapters.csproj", "{80F6BA73-AA34-4FE5-BB57-BBE775D256BF}"
EndProject
Project("{FAE04EC0-301F-11D3-BF4B-00C04F79EFBC}") = "InnoTech.Core.PrimaryDriver.Ports", "InnoTech.Core.PrimaryDriver.Ports\InnoTech.Core.PrimaryDriver.Ports.csproj", "{0A841D02-E7AF-4828-AA50-697970AAC215}"
EndProject
Project("{2150E333-8FDC-42A3-9474-1A3956D46DE8}") = "Core", "Core", "{7F4B13B0-6060-428D-850E-5A1C7AF0C2E4}"
EndProject
Project("{2150E333-8FDC-42A3-9474-1A3956D46DE8}") = "InfrastructureAdapters", "InfrastructureAdapters", "{160D7C0C-32FC-4894-9656-7027654377C0}"
EndProject
Project("{2150E333-8FDC-42A3-9474-1A3956D46DE8}") = "PrimaryDrivers", "PrimaryDrivers", "{10344DFD-D881-4A6D-A028-FCD80059986F}"
EndProject
Project("{2150E333-8FDC-42A3-9474-1A3956D46DE8}") = "Tests", "Tests", "{2BE3986E-EB01-4DF6-92B8-5C241314A9F9}"
EndProject
Project("{FAE04EC0-301F-11D3-BF4B-00C04F79EFBC}") = "InnoTech.Infrastructure.Adapters.SQLData", "InnoTech.Infrastructure.Adapters.SQLData\InnoTech.Infrastructure.Adapters.SQLData.csproj", "{EFFA03BD-46DF-445B-96F0-9051B7E0511E}"
EndProject
Project("{FAE04EC0-301F-11D3-BF4B-00C04F79EFBC}") = "InnoTech.PrimaryDrivers.WebAPI.REST", "InnoTech.PrimaryDrivers.WebAPI.REST\InnoTech.PrimaryDrivers.WebAPI.REST.csproj", "{7DABED49-F96A-4FFF-A528-591CCD5BDFED}"
EndProject
Project("{FAE04EC0-301F-11D3-BF4B-00C04F79EFBC}") = "InnoTech.Core.PrimaryDriver.Adapters.Test", "InnoTech.Core.PrimaryDriver.Adapters.Test\InnoTech.Core.PrimaryDriver.Adapters.Test.csproj", "{04868B53-CD30-4DD5-BC19-395DA2B5180D}"
EndProject
Global
	GlobalSection(SolutionConfigurationPlatforms) = preSolution
		Debug|Any CPU = Debug|Any CPU
		Release|Any CPU = Release|Any CPU
	EndGlobalSection
	GlobalSection(ProjectConfigurationPlatforms) = postSolution
		{DF9539A8-CDDF-41AD-B1EC-6A93EA102B1B}.Debug|Any CPU.ActiveCfg = Debug|Any CPU
		{DF9539A8-CDDF-41AD-B1EC-6A93EA102B1B}.Debug|Any CPU.Build.0 = Debug|Any CPU
		{DF9539A8-CDDF-41AD-B1EC-6A93EA102B1B}.Release|Any CPU.ActiveCfg = Release|Any CPU
		{DF9539A8-CDDF-41AD-B1EC-6A93EA102B1B}.Release|Any CPU.Build.0 = Release|Any CPU
		{5C59B345-3615-40CC-BBB4-88E16384E4BC}.Debug|Any CPU.ActiveCfg = Debug|Any CPU
		{5C59B345-3615-40CC-BBB4-88E16384E4BC}.Debug|Any CPU.Build.0 = Debug|Any CPU
		{5C59B345-3615-40CC-BBB4-88E16384E4BC}.Release|Any CPU.ActiveCfg = Release|Any CPU
		{5C59B345-3615-40CC-BBB4-88E16384E4BC}.Release|Any CPU.Build.0 = Release|Any CPU
		{80F6BA73-AA34-4FE5-BB57-BBE775D256BF}.Debug|Any CPU.ActiveCfg = Debug|Any CPU
		{80F6BA73-AA34-4FE5-BB57-BBE775D256BF}.Debug|Any CPU.Build.0 = Debug|Any CPU
		{80F6BA73-AA34-4FE5-BB57-BBE775D256BF}.Release|Any CPU.ActiveCfg = Release|Any CPU
		{80F6BA73-AA34-4FE5-BB57-BBE775D256BF}.Release|Any CPU.Build.0 = Release|Any CPU
		{0A841D02-E7AF-4828-AA50-697970AAC215}.Debug|Any CPU.ActiveCfg = Debug|Any CPU
		{0A841D02-E7AF-4828-AA50-697970AAC215}.Debug|Any CPU.Build.0 = Debug|Any CPU
		{0A841D02-E7AF-4828-AA50-697970AAC215}.Release|Any CPU.ActiveCfg = Release|Any CPU
		{0A841D02-E7AF-4828-AA50-697970AAC215}.Release|Any CPU.Build.0 = Release|Any CPU
		{EFFA03BD-46DF-445B-96F0-9051B7E0511E}.Debug|Any CPU.ActiveCfg = Debug|Any CPU
		{EFFA03BD-46DF-445B-96F0-9051B7E0511E}.Debug|Any CPU.Build.0 = Debug|Any CPU
		{EFFA03BD-46DF-445B-96F0-9051B7E0511E}.Release|Any CPU.ActiveCfg = Release|Any CPU
		{EFFA03BD-46DF-445B-96F0-9051B7E0511E}.Release|Any CPU.Build.0 = Release|Any CPU
		{7DABED49-F96A-4FFF-A528-591CCD5BDFED}.Debug|Any CPU.ActiveCfg = Debug|Any CPU
		{7DABED49-F96A-4FFF-A528-591CCD5BDFED}.Debug|Any CPU.Build.0 = Debug|Any CPU
		{7DABED49-F96A-4FFF-A528-591CCD5BDFED}.Release|Any CPU.ActiveCfg = Release|Any CPU
		{7DABED49-F96A-4FFF-A528-591CCD5BDFED}.Release|Any CPU.Build.0 = Release|Any CPU
		{04868B53-CD30-4DD5-BC19-395DA2B5180D}.Debug|Any CPU.ActiveCfg = Debug|Any CPU
		{04868B53-CD30-4DD5-BC19-395DA2B5180D}.Debug|Any CPU.Build.0 = Debug|Any CPU
		{04868B53-CD30-4DD5-BC19-395DA2B5180D}.Release|Any CPU.ActiveCfg = Release|Any CPU
		{04868B53-CD30-4DD5-BC19-395DA2B5180D}.Release|Any CPU.Build.0 = Release|Any CPU
	EndGlobalSection
	GlobalSection(NestedProjects) = preSolution
		{DF9539A8-CDDF-41AD-B1EC-6A93EA102B1B} = {7F4B13B0-6060-428D-850E-5A1C7AF0C2E4}
		{5C59B345-3615-40CC-BBB4-88E16384E4BC} = {7F4B13B0-6060-428D-850E-5A1C7AF0C2E4}
		{80F6BA73-AA34-4FE5-BB57-BBE775D256BF} = {7F4B13B0-6060-428D-850E-5A1C7AF0C2E4}
		{0A841D02-E7AF-4828-AA50-697970AAC215} = {7F4B13B0-6060-428D-850E-5A1C7AF0C2E4}
		{EFFA03BD-46DF-445B-96F0-9051B7E0511E} = {160D7C0C-32FC-4894-9656-7027654377C0}
		{7DABED49-F96A-4FFF-A528-591CCD5BDFED} = {10344DFD-D881-4A6D-A028-FCD80059986F}
		{04868B53-CD30-4DD5-BC19-395DA2B5180D} = {2BE3986E-EB01-4DF6-92B8-5C241314A9F9}
	EndGlobalSection
EndGlobal
